
Microsoft Visual Studio Solution File, Format Version 12.00
# Visual Studio Version 16
VisualStudioVersion = 16.0.31129.286
MinimumVisualStudioVersion = 10.0.40219.1
Project("{9A19103F-16F7-4668-BE54-9A1E7A4F7556}") = "Net12", "Net12\Net12.csproj", "{ED319EE9-5E5D-401F-B571-E1E39F1CBE6D}"
EndProject
Project("{9A19103F-16F7-4668-BE54-9A1E7A4F7556}") = "Net12.Test", "Net12.Test\Net12.Test.csproj", "{4300F3E2-EC31-4A33-9696-4A33140B2621}"
	ProjectSection(ProjectDependencies) = postProject
		{2D5E609B-6F46-473E-AE7B-D931BB2C4521} = {2D5E609B-6F46-473E-AE7B-D931BB2C4521}
	EndProjectSection
EndProject
Project("{9A19103F-16F7-4668-BE54-9A1E7A4F7556}") = "CoolFormulaString", "CoolFormulaString\CoolFormulaString.csproj", "{A7012974-6E54-470C-B771-4047A7189E96}"
EndProject
Project("{9A19103F-16F7-4668-BE54-9A1E7A4F7556}") = "WebMaze", "WebMaze\WebMaze.csproj", "{2D5E609B-6F46-473E-AE7B-D931BB2C4521}"
	ProjectSection(ProjectDependencies) = postProject
		{ED319EE9-5E5D-401F-B571-E1E39F1CBE6D} = {ED319EE9-5E5D-401F-B571-E1E39F1CBE6D}
	EndProjectSection
EndProject
Global
	GlobalSection(SolutionConfigurationPlatforms) = preSolution
		Debug|Any CPU = Debug|Any CPU
		Release|Any CPU = Release|Any CPU
	EndGlobalSection
	GlobalSection(ProjectConfigurationPlatforms) = postSolution
		{ED319EE9-5E5D-401F-B571-E1E39F1CBE6D}.Debug|Any CPU.ActiveCfg = Debug|Any CPU
		{ED319EE9-5E5D-401F-B571-E1E39F1CBE6D}.Debug|Any CPU.Build.0 = Debug|Any CPU
		{ED319EE9-5E5D-401F-B571-E1E39F1CBE6D}.Release|Any CPU.ActiveCfg = Release|Any CPU
		{ED319EE9-5E5D-401F-B571-E1E39F1CBE6D}.Release|Any CPU.Build.0 = Release|Any CPU
		{4300F3E2-EC31-4A33-9696-4A33140B2621}.Debug|Any CPU.ActiveCfg = Debug|Any CPU
		{4300F3E2-EC31-4A33-9696-4A33140B2621}.Debug|Any CPU.Build.0 = Debug|Any CPU
		{4300F3E2-EC31-4A33-9696-4A33140B2621}.Release|Any CPU.ActiveCfg = Release|Any CPU
		{4300F3E2-EC31-4A33-9696-4A33140B2621}.Release|Any CPU.Build.0 = Release|Any CPU
		{A7012974-6E54-470C-B771-4047A7189E96}.Debug|Any CPU.ActiveCfg = Debug|Any CPU
		{A7012974-6E54-470C-B771-4047A7189E96}.Debug|Any CPU.Build.0 = Debug|Any CPU
		{A7012974-6E54-470C-B771-4047A7189E96}.Release|Any CPU.ActiveCfg = Release|Any CPU
		{A7012974-6E54-470C-B771-4047A7189E96}.Release|Any CPU.Build.0 = Release|Any CPU
		{2D5E609B-6F46-473E-AE7B-D931BB2C4521}.Debug|Any CPU.ActiveCfg = Debug|Any CPU
		{2D5E609B-6F46-473E-AE7B-D931BB2C4521}.Debug|Any CPU.Build.0 = Debug|Any CPU
		{2D5E609B-6F46-473E-AE7B-D931BB2C4521}.Release|Any CPU.ActiveCfg = Release|Any CPU
		{2D5E609B-6F46-473E-AE7B-D931BB2C4521}.Release|Any CPU.Build.0 = Release|Any CPU
	EndGlobalSection
	GlobalSection(SolutionProperties) = preSolution
		HideSolutionNode = FALSE
	EndGlobalSection
	GlobalSection(ExtensibilityGlobals) = postSolution
		SolutionGuid = {E5F4D02C-8834-4BAE-9107-B9B6C40B20F6}
	EndGlobalSection
EndGlobal
